
Microsoft Visual Studio Solution File, Format Version 12.00
# Visual Studio Version 17
VisualStudioVersion = 17.3.32811.315
MinimumVisualStudioVersion = 10.0.40219.1
Project("{9A19103F-16F7-4668-BE54-9A1E7A4F7556}") = "LevelDesignerModel", "LevelDesignerModel\LevelDesignerModel.csproj", "{94B7F1BD-B586-4298-B35C-C6BE7EA772C2}"
EndProject
Project("{FAE04EC0-301F-11D3-BF4B-00C04F79EFBC}") = "LevelDesignerModelMSTests", "LevelDesignerModelMSTests\LevelDesignerModelMSTests.csproj", "{A2F56BAF-0CA5-4BC9-A596-34CE0D107285}"
	ProjectSection(ProjectDependencies) = postProject
		{94B7F1BD-B586-4298-B35C-C6BE7EA772C2} = {94B7F1BD-B586-4298-B35C-C6BE7EA772C2}
	EndProjectSection
EndProject
Global
	GlobalSection(SolutionConfigurationPlatforms) = preSolution
		Debug|Any CPU = Debug|Any CPU
		Release|Any CPU = Release|Any CPU
	EndGlobalSection
	GlobalSection(ProjectConfigurationPlatforms) = postSolution
		{94B7F1BD-B586-4298-B35C-C6BE7EA772C2}.Debug|Any CPU.ActiveCfg = Debug|Any CPU
		{94B7F1BD-B586-4298-B35C-C6BE7EA772C2}.Debug|Any CPU.Build.0 = Debug|Any CPU
		{94B7F1BD-B586-4298-B35C-C6BE7EA772C2}.Release|Any CPU.ActiveCfg = Release|Any CPU
		{94B7F1BD-B586-4298-B35C-C6BE7EA772C2}.Release|Any CPU.Build.0 = Release|Any CPU
		{A2F56BAF-0CA5-4BC9-A596-34CE0D107285}.Debug|Any CPU.ActiveCfg = Debug|Any CPU
		{A2F56BAF-0CA5-4BC9-A596-34CE0D107285}.Debug|Any CPU.Build.0 = Debug|Any CPU
		{A2F56BAF-0CA5-4BC9-A596-34CE0D107285}.Release|Any CPU.ActiveCfg = Release|Any CPU
		{A2F56BAF-0CA5-4BC9-A596-34CE0D107285}.Release|Any CPU.Build.0 = Release|Any CPU
	EndGlobalSection
	GlobalSection(SolutionProperties) = preSolution
		HideSolutionNode = FALSE
	EndGlobalSection
	GlobalSection(ExtensibilityGlobals) = postSolution
		SolutionGuid = {91411DF4-B774-4841-850E-E101415B2900}
	EndGlobalSection
EndGlobal
